
Microsoft Visual Studio Solution File, Format Version 12.00
Project("{FAE04EC0-301F-11D3-BF4B-00C04F79EFBC}") = "Checkers", "Checkers\Checkers.csproj", "{AE07D980-358C-46E0-AA7C-16DD493D1327}"
EndProject
Project("{FAE04EC0-301F-11D3-BF4B-00C04F79EFBC}") = "GameClasses", "GameClasses\GameClasses.csproj", "{8C58134F-A0AD-468C-AB8A-2541D6391D65}"
EndProject
Project("{FAE04EC0-301F-11D3-BF4B-00C04F79EFBC}") = "GameClassesTests", "GameClassesTests\GameClassesTests.csproj", "{32F6A107-544D-44F1-961F-E17E2405BB7E}"
EndProject
Global
	GlobalSection(SolutionConfigurationPlatforms) = preSolution
		Debug|Any CPU = Debug|Any CPU
		Release|Any CPU = Release|Any CPU
	EndGlobalSection
	GlobalSection(ProjectConfigurationPlatforms) = postSolution
		{AE07D980-358C-46E0-AA7C-16DD493D1327}.Debug|Any CPU.ActiveCfg = Debug|Any CPU
		{AE07D980-358C-46E0-AA7C-16DD493D1327}.Debug|Any CPU.Build.0 = Debug|Any CPU
		{AE07D980-358C-46E0-AA7C-16DD493D1327}.Release|Any CPU.ActiveCfg = Release|Any CPU
		{AE07D980-358C-46E0-AA7C-16DD493D1327}.Release|Any CPU.Build.0 = Release|Any CPU
		{8C58134F-A0AD-468C-AB8A-2541D6391D65}.Debug|Any CPU.ActiveCfg = Debug|Any CPU
		{8C58134F-A0AD-468C-AB8A-2541D6391D65}.Debug|Any CPU.Build.0 = Debug|Any CPU
		{8C58134F-A0AD-468C-AB8A-2541D6391D65}.Release|Any CPU.ActiveCfg = Release|Any CPU
		{8C58134F-A0AD-468C-AB8A-2541D6391D65}.Release|Any CPU.Build.0 = Release|Any CPU
		{32F6A107-544D-44F1-961F-E17E2405BB7E}.Debug|Any CPU.ActiveCfg = Debug|Any CPU
		{32F6A107-544D-44F1-961F-E17E2405BB7E}.Debug|Any CPU.Build.0 = Debug|Any CPU
		{32F6A107-544D-44F1-961F-E17E2405BB7E}.Release|Any CPU.ActiveCfg = Release|Any CPU
		{32F6A107-544D-44F1-961F-E17E2405BB7E}.Release|Any CPU.Build.0 = Release|Any CPU
	EndGlobalSection
EndGlobal
